# This file is autogenerated, do not edit; changes may be undone by the next 'dep ensure'.


[[projects]]
  branch = "master"
  name = "code.cloudfoundry.org/clock"
  packages = ["."]
  revision = "02e53af36e6c978af692887ed449b74026d76fec"

[[projects]]
  name = "github.com/bmatcuk/doublestar"
  packages = ["."]
  revision = "b3608229437ba4dc33dae64d56a79a2a73f1f6b2"
  version = "v1.0.9"

[[projects]]
  branch = "master"
  name = "github.com/charlievieth/fs"
  packages = ["."]
  revision = "7dc373669fa10ddf827c37c595dee30a2f001be9"

[[projects]]
  branch = "master"
  name = "github.com/cloudfoundry-incubator/candiedyaml"
  packages = ["."]
  revision = "a41693b7b7afb422c7ecb1028458ab27da047bbb"

[[projects]]
  name = "github.com/cloudfoundry/bosh-agent"
  packages = [
    "agent/action",
    "agent/action/state",
    "agent/alert",
    "agent/applier",
    "agent/applier/applyspec",
    "agent/applier/bundlecollection",
    "agent/applier/jobs",
    "agent/applier/models",
    "agent/applier/packages",
    "agent/cmdrunner",
    "agent/compiler",
    "agent/script",
    "agent/script/cmd",
    "agent/script/drain",
    "agent/script/pathenv",
    "agent/task",
    "handler",
    "infrastructure/devicepathresolver",
    "jobsupervisor",
    "jobsupervisor/monit",
    "jobsupervisor/monitor",
    "jobsupervisor/winsvc",
    "notification",
    "platform",
    "platform/cdrom",
    "platform/cert",
    "platform/disk",
    "platform/net",
    "platform/net/arp",
    "platform/net/ip",
    "platform/openiscsi",
    "platform/stats",
    "platform/udevdevice",
    "platform/vitals",
    "settings",
    "settings/directories"
  ]
  revision = "a70ddb4864da0d49603e59717aa9e2ce744c3243"
  version = "v2.123.0"

[[projects]]
  branch = "master"
  name = "github.com/cloudfoundry/bosh-utils"
  packages = [
    "blobstore",
    "crypto",
    "errors",
    "fileutil",
    "httpclient",
    "logger",
    "retrystrategy",
    "system",
    "uuid",
    "work"
  ]
  revision = "b082aa9a81950fa8df1a969575319417b1e073f4"

[[projects]]
  branch = "master"
  name = "github.com/cloudfoundry/go-socks5"
  packages = ["."]
  revision = "54f73bdb8a8e85a6611d3d29ab9bbf98c2a060d7"

[[projects]]
  branch = "master"
  name = "github.com/cloudfoundry/gosigar"
  packages = [
    ".",
    "sys/windows"
  ]
  revision = "0bb2fe4a1c0cdce8cbe6bfe2c9d375cab4cc15c7"

[[projects]]
  branch = "master"
  name = "github.com/cloudfoundry/socks5-proxy"
  packages = ["."]
  revision = "3659db090cb23a57807b53e2f8580b2427dc2659"

[[projects]]
  name = "github.com/codegangsta/inject"
  packages = ["."]
  revision = "37d7f8432a3e684eef9b2edece76bdfa6ac85b39"
  version = "v1.0-rc1"

[[projects]]
  branch = "master"
  name = "github.com/cppforlife/bosh-provisioner"
  packages = [
    "deployment",
    "deployment/manifest",
    "downloader",
    "release",
    "release/job",
    "release/job/manifest",
    "release/manifest",
    "tar",
    "util"
  ]
  revision = "5cf80708a0ac188bef57e7be9e7a8bedd936b5fc"

[[projects]]
  branch = "master"
  name = "github.com/cppforlife/go-semi-semantic"
  packages = ["version"]
  revision = "576b6af77ae4f3ccef356902fb3b9a9ae22e0b11"

[[projects]]
  branch = "master"
  name = "github.com/dustin/go-humanize"
  packages = ["."]
  revision = "02af3965c54e8cacf948b97fef38925c4120652c"

[[projects]]
  name = "github.com/go-martini/martini"
  packages = ["."]
  revision = "49411a5b646861ad29a6ddd5351717a0a9c49b94"
  version = "v1.0"

[[projects]]
  branch = "master"
  name = "github.com/martini-contrib/render"
  packages = ["."]
  revision = "ec18f8345a1181146728238980606fb1d6f40e8c"

[[projects]]
  branch = "master"
  name = "github.com/microcosm-cc/bluemonday"
  packages = ["."]
  revision = "f0761eb8ed07c1cc892ef631b00c33463b9b6868"

[[projects]]
  branch = "master"
  name = "github.com/nu7hatch/gouuid"
  packages = ["."]
  revision = "179d4d0c4d8d407a32af483c2354df1d2c91e6c3"

[[projects]]
  name = "github.com/onsi/ginkgo"
  packages = [
    ".",
    "config",
    "internal/codelocation",
    "internal/containernode",
    "internal/failer",
    "internal/leafnodes",
    "internal/remote",
    "internal/spec",
    "internal/spec_iterator",
    "internal/specrunner",
    "internal/suite",
    "internal/testingtproxy",
    "internal/writer",
    "reporters",
    "reporters/stenographer",
    "reporters/stenographer/support/go-colorable",
    "reporters/stenographer/support/go-isatty",
    "types"
  ]
  revision = "fa5fabab2a1bfbd924faf4c067d07ae414e2aedf"
  version = "v1.5.0"

[[projects]]
  name = "github.com/onsi/gomega"
  packages = [
    ".",
    "format",
    "internal/assertion",
    "internal/asyncassertion",
    "internal/oraclematcher",
    "internal/testingtsupport",
    "matchers",
    "matchers/support/goraph/bipartitegraph",
    "matchers/support/goraph/edge",
    "matchers/support/goraph/node",
    "matchers/support/goraph/util",
    "types"
  ]
  revision = "62bff4df71bdbc266561a0caee19f0594b17c240"
  version = "v1.4.0"

[[projects]]
  branch = "master"
  name = "github.com/oxtoacart/bpool"
  packages = ["."]
  revision = "4e1c5567d7c2dd59fa4c7c83d34c2f3528b025d6"

[[projects]]
  branch = "master"
  name = "github.com/pivotal-cf/paraphernalia"
  packages = ["secure/tlsconfig"]
  revision = "a64ae2051c20c5cde13292a41db01029566134ba"

[[projects]]
  branch = "master"
  name = "github.com/pivotal/go-smtpd"
  packages = ["smtpd"]
  revision = "0af6982457e5e683c4e238a1abf5dcd73b014504"

[[projects]]
  name = "github.com/pkg/errors"
  packages = ["."]
  revision = "645ef00459ed84a119197bfb8d8205042c6df63d"
  version = "v0.8.0"

[[projects]]
  name = "github.com/russross/blackfriday"
  packages = ["."]
  revision = "55d61fa8aa702f59229e6cff85793c22e580eaf5"
  version = "v1.5.1"

[[projects]]
  branch = "master"
  name = "golang.org/x/crypto"
  packages = [
    "curve25519",
    "ed25519",
    "ed25519/internal/edwards25519",
    "internal/chacha20",
    "internal/subtle",
    "poly1305",
    "ssh"
  ]
  revision = "a49355c7e3f8fe157a85be2f77e6e269a0f89602"

[[projects]]
  branch = "master"
  name = "golang.org/x/net"
  packages = [
    "context",
    "html",
    "html/atom",
    "html/charset",
    "internal/socks",
    "proxy"
  ]
  revision = "32a936f46389aa10549d60bd7833e54b01685d09"

[[projects]]
  branch = "master"
  name = "golang.org/x/sys"
  packages = [
    "unix",
    "windows",
    "windows/registry",
    "windows/svc",
    "windows/svc/mgr"
  ]
  revision = "ce36f3865eeb42541ce3f87f32f8462c5687befa"

[[projects]]
  name = "golang.org/x/text"
  packages = [
    "encoding",
    "encoding/charmap",
    "encoding/htmlindex",
    "encoding/internal",
    "encoding/internal/identifier",
    "encoding/japanese",
    "encoding/korean",
    "encoding/simplifiedchinese",
    "encoding/traditionalchinese",
    "encoding/unicode",
    "internal/gen",
    "internal/tag",
    "internal/utf8internal",
    "language",
    "runes",
    "transform",
    "unicode/cldr"
  ]
  revision = "f21a4dfb5e38f5895301dc265a8def02365cc3d0"
  version = "v0.3.0"

[[projects]]
  name = "gopkg.in/yaml.v2"
  packages = ["."]
  revision = "5420a8b6744d3b0345ab293f6fcba19c978f1183"
  version = "v2.2.1"

[solve-meta]
  analyzer-name = "dep"
  analyzer-version = 1
  inputs-digest = "5a5258efdeba991d3bd66122939714fbd665b7aa2ae4e72f4c380228d339b970"
  solver-name = "gps-cdcl"
  solver-version = 1
